// !$*UTF8*$!
{
	archiveVersion = 1;
	classes = {
	};
	objectVersion = 77;
	objects = {

/* Begin PBXBuildFile section */
		01AABF5B57F81075C7A2B083 /* TaskSyncService.swift in Sources */ = {isa = PBXBuildFile; fileRef = D1D816452DC6DF06C51D6A7E /* TaskSyncService.swift */; };
		03F5AA3F44277B035954E3FD /* SwiftTerm in Frameworks */ = {isa = PBXBuildFile; productRef = 72948A8C9B18C19E1D4C35D1 /* SwiftTerm */; };
		13928AE42F895ADB3C509302 /* TaskAssignee.swift in Sources */ = {isa = PBXBuildFile; fileRef = 87DD3CBCFF1F6ED6BD5E0DAD /* TaskAssignee.swift */; };
		181598A3CE05594945D7A7A3 /* SettingsStoreTests.swift in Sources */ = {isa = PBXBuildFile; fileRef = B67392FF13BE6CBE8F0F4F6D /* SettingsStoreTests.swift */; };
		1BD055D4E0D2F2E95CA33EE3 /* GraphQLClient.swift in Sources */ = {isa = PBXBuildFile; fileRef = FD919DBB349F5EE2742FD85B /* GraphQLClient.swift */; };
		204548C8CF2106ED7BA53FD9 /* BackoffRetryTests.swift in Sources */ = {isa = PBXBuildFile; fileRef = 364D0F8EEA347E9E53FA5531 /* BackoffRetryTests.swift */; };
		2089433B70604764F52AB203 /* LoomLogger.swift in Sources */ = {isa = PBXBuildFile; fileRef = A9786B37C938624B51D1C5C8 /* LoomLogger.swift */; };
		209A6F4AACB0F18B3A32C952 /* KeychainStore.swift in Sources */ = {isa = PBXBuildFile; fileRef = 680463771A1913695ADBD74D /* KeychainStore.swift */; };
		2738BC7003C35D380D6FAB6D /* SyncSchedulerTests.swift in Sources */ = {isa = PBXBuildFile; fileRef = 9696FDDBD0F4E674192A87A4 /* SyncSchedulerTests.swift */; };
		2836556DFF4C07B9206E0118 /* SmokeTests.swift in Sources */ = {isa = PBXBuildFile; fileRef = A37491B6F40A34647CBC6AA7 /* SmokeTests.swift */; };
		2D85955C8BF1967CC050FD03 /* RESTClientTests.swift in Sources */ = {isa = PBXBuildFile; fileRef = B0C9460A29E5F663743C9F53 /* RESTClientTests.swift */; };
		3980493894B456C98C4B922C /* Migrations.swift in Sources */ = {isa = PBXBuildFile; fileRef = 2A66185DB8D17A184A10D654 /* Migrations.swift */; };
		3AC6F503620BD36D144D8D6D /* Clibgit2 in Frameworks */ = {isa = PBXBuildFile; productRef = 5EF5D474713DE008E0402BEF /* Clibgit2 */; };
		3C200CDD21EC4D19BA68BB37 /* SettingsStore.swift in Sources */ = {isa = PBXBuildFile; fileRef = D355679242F0256CEFCEC699 /* SettingsStore.swift */; };
		3D3298A3A4AC93471D24D673 /* BackoffRetry.swift in Sources */ = {isa = PBXBuildFile; fileRef = 99A541B9E805ED457C4A2363 /* BackoffRetry.swift */; };
		3D8F2D71BB48E1C1E73D202E /* FixtureGitRepo.swift in Sources */ = {isa = PBXBuildFile; fileRef = 79553E3181CF1D76FE703B0A /* FixtureGitRepo.swift */; };
		4ECD2C745F5DE7206449EBD8 /* Repo.swift in Sources */ = {isa = PBXBuildFile; fileRef = 72D0F7C7949A5F3B33B48E7D /* Repo.swift */; };
		4F5D324A69106444A56018D4 /* WorktreeManager.swift in Sources */ = {isa = PBXBuildFile; fileRef = E7EAA88AE870E9108768F29E /* WorktreeManager.swift */; };
		516C5055D1918BBA58610A73 /* Assets.xcassets in Resources */ = {isa = PBXBuildFile; fileRef = 6E6E64FD9D6B923A722BBACC /* Assets.xcassets */; };
		53F92F83F0F7376730A5D339 /* WorktreeError.swift in Sources */ = {isa = PBXBuildFile; fileRef = 13CBE7B660EECC9CD4A008C9 /* WorktreeError.swift */; };
		5532DF8F18062D66991E5AAB /* AppDelegate.swift in Sources */ = {isa = PBXBuildFile; fileRef = 197855D26AA9AEB4088AF08C /* AppDelegate.swift */; };
		5C000C0DACB750E7BBA689E8 /* GRDB in Frameworks */ = {isa = PBXBuildFile; productRef = 264C92E52C19CDF6B845790C /* GRDB */; };
		5E1D6FF961164DF2EB889B18 /* GitHubError.swift in Sources */ = {isa = PBXBuildFile; fileRef = FD7BC2543AD208BD2CF22525 /* GitHubError.swift */; };
		6533A1FFA7FFB508F399842F /* ETagStore.swift in Sources */ = {isa = PBXBuildFile; fileRef = BF8FF2D0E98D9BDC31F1F946 /* ETagStore.swift */; };
		6A80CD79CE2203A19BEDFD58 /* SyncScheduler.swift in Sources */ = {isa = PBXBuildFile; fileRef = 6128D22DFDA7A39957AA3C9E /* SyncScheduler.swift */; };
		6EBA267DC51AEE180EFBCBEB /* GitRunner.swift in Sources */ = {isa = PBXBuildFile; fileRef = BBDCC7E2C0056A34781ECCB3 /* GitRunner.swift */; };
		70558F82CFF93CD3B4E8059A /* GHCLIAuth.swift in Sources */ = {isa = PBXBuildFile; fileRef = 6E9605E4EE932DDCB19AB72B /* GHCLIAuth.swift */; };
		9033AED24F2992D05A26B09B /* GHCLIAuthTests.swift in Sources */ = {isa = PBXBuildFile; fileRef = C08FFC0A9D825AA8D145CEE1 /* GHCLIAuthTests.swift */; };
		907E23454D4E7051C9DB5690 /* KeychainAccess in Frameworks */ = {isa = PBXBuildFile; productRef = 8FC486CC428D00943AD1887E /* KeychainAccess */; };
		92B48F465A3302E8F8742C59 /* GraphQLClientTests.swift in Sources */ = {isa = PBXBuildFile; fileRef = 84806CB003A61137C0777445 /* GraphQLClientTests.swift */; };
		9304EFC64B979CD01B5AF8CB /* BackoffTests.swift in Sources */ = {isa = PBXBuildFile; fileRef = F2CBAFC5EF92D128135D3F05 /* BackoffTests.swift */; };
		94F93BFF9F49536A3D1F7E1F /* DependencySmokeImports.swift in Sources */ = {isa = PBXBuildFile; fileRef = DD1A652303E2BC6EB80B64FA /* DependencySmokeImports.swift */; };
		A2ECD2D8EFA8C94DBD444C0D /* BranchSlugTests.swift in Sources */ = {isa = PBXBuildFile; fileRef = 998F9FBC78B6E359AD707CB7 /* BranchSlugTests.swift */; };
		A8A48D249F4257421EBFC782 /* AuthServiceTests.swift in Sources */ = {isa = PBXBuildFile; fileRef = F6C32969291BABB883AE4FCB /* AuthServiceTests.swift */; };
		A9B827F6D308FD42E6291FCE /* APIResponses.swift in Sources */ = {isa = PBXBuildFile; fileRef = 3F674F2D820F173F9971796D /* APIResponses.swift */; };
		A9D79C3526B59E33BCD2E012 /* AuthService.swift in Sources */ = {isa = PBXBuildFile; fileRef = 9E07BDC71363619A1E5FE9D9 /* AuthService.swift */; };
		AAC6B0964629178F586CCB8D /* WorktreeManagerTests.swift in Sources */ = {isa = PBXBuildFile; fileRef = 68589EDD4EB0E76985003347 /* WorktreeManagerTests.swift */; };
		B045EBBFD0B90FA5E3D5B062 /* DebugMenu.swift in Sources */ = {isa = PBXBuildFile; fileRef = FD637F24CBF0FE3793017936 /* DebugMenu.swift */; };
		B115BA55BF7BF53709973B8D /* LoomDatabase.swift in Sources */ = {isa = PBXBuildFile; fileRef = 91B5DDCD59C803D57C4D6A26 /* LoomDatabase.swift */; };
		B23664D17B40E8A19A8A288C /* LoomApp.swift in Sources */ = {isa = PBXBuildFile; fileRef = B517E6E2DF8C49D037D18E77 /* LoomApp.swift */; };
		B8B30C0BE74E09342FCB1447 /* BranchSlug.swift in Sources */ = {isa = PBXBuildFile; fileRef = FA798D587199F39EA6CD559F /* BranchSlug.swift */; };
		BAA12A13427C955F2B0095D9 /* Subprocess.swift in Sources */ = {isa = PBXBuildFile; fileRef = 0FCC4E437B6AAD7E2289DD09 /* Subprocess.swift */; };
		BC8AB244645AF73AA95DBA2E /* GitHubLiveSyncIntegrationTests.swift in Sources */ = {isa = PBXBuildFile; fileRef = 409A26BB4B438DF0FC52D8B0 /* GitHubLiveSyncIntegrationTests.swift */; };
		BCFD1689C0B79E45F2E13DB5 /* MigrationsTests.swift in Sources */ = {isa = PBXBuildFile; fileRef = AA2DECD7F1ED591D1306A7FD /* MigrationsTests.swift */; };
		C4343384EB79A90D051E6591 /* TaskSyncServiceTests.swift in Sources */ = {isa = PBXBuildFile; fileRef = 4BD191387277D1AD519F17C5 /* TaskSyncServiceTests.swift */; };
		C43FF24F657911A26A11BCFE /* WorktreeInfo.swift in Sources */ = {isa = PBXBuildFile; fileRef = DA866E83ACA13FF4C4B67A76 /* WorktreeInfo.swift */; };
		CE9C96D0223628E382FE9C8D /* Backoff.swift in Sources */ = {isa = PBXBuildFile; fileRef = 10A41270D5FD2913859F5156 /* Backoff.swift */; };
		D26959C3FF2BB50181FD5C33 /* RESTClient.swift in Sources */ = {isa = PBXBuildFile; fileRef = 6A13DF4D55317A689600A192 /* RESTClient.swift */; };
		D4EC25510D3F574AA0E54374 /* LoomTask.swift in Sources */ = {isa = PBXBuildFile; fileRef = 6890109E5E3076A96D71C69F /* LoomTask.swift */; };
		DC977A348B16AF50472BE63B /* ETagStoreTests.swift in Sources */ = {isa = PBXBuildFile; fileRef = E19BF1D79E0DBAA564B3A039 /* ETagStoreTests.swift */; };
		E5ECEBB9B7ABC39712DE0B96 /* AppServices.swift in Sources */ = {isa = PBXBuildFile; fileRef = 7AF42D22CA2F5E4B7FB58F74 /* AppServices.swift */; };
		EF67246D6169F891967950B1 /* HTTPClient.swift in Sources */ = {isa = PBXBuildFile; fileRef = 910F7265E64BB1FF01A716DC /* HTTPClient.swift */; };
		F05753ED7B789D82CCE9B5C3 /* Endpoints.swift in Sources */ = {isa = PBXBuildFile; fileRef = 9B1D333E293A9B1CC752EA00 /* Endpoints.swift */; };
		F214AFF555015845B7F361F8 /* GitRunnerTests.swift in Sources */ = {isa = PBXBuildFile; fileRef = 878B0F36B6165280BC512CBD /* GitRunnerTests.swift */; };
		F2F8E3D62A0EA28602FDEF41 /* Setting.swift in Sources */ = {isa = PBXBuildFile; fileRef = C7156A915B0B1A14BCFFB897 /* Setting.swift */; };
		FB007E0D6F7C94AA62BDA3FE /* GitHubStatus.swift in Sources */ = {isa = PBXBuildFile; fileRef = 879315D3D2B7186766F53DDE /* GitHubStatus.swift */; };
		FC039C1B5C8B97C01763CFE7 /* HTTPClientTests.swift in Sources */ = {isa = PBXBuildFile; fileRef = 4ECDFC95289A7B6830F8DFE3 /* HTTPClientTests.swift */; };
		FCC66C2E468F711C3C2ED032 /* Fixtures in Resources */ = {isa = PBXBuildFile; fileRef = 4FB935EE1FF6EE3F23F0BFA4 /* Fixtures */; };
/* End PBXBuildFile section */

/* Begin PBXContainerItemProxy section */
		C9D08863B97F9676FE553444 /* PBXContainerItemProxy */ = {
			isa = PBXContainerItemProxy;
			containerPortal = 32B58EFB3FEA3E3E81D94DBD /* Project object */;
			proxyType = 1;
			remoteGlobalIDString = 92B1BC83B42A8E6DA14FE2C3;
			remoteInfo = Loom;
		};
/* End PBXContainerItemProxy section */

/* Begin PBXFileReference section */
		0FCC4E437B6AAD7E2289DD09 /* Subprocess.swift */ = {isa = PBXFileReference; lastKnownFileType = sourcecode.swift; path = Subprocess.swift; sourceTree = "<group>"; };
		10A41270D5FD2913859F5156 /* Backoff.swift */ = {isa = PBXFileReference; lastKnownFileType = sourcecode.swift; path = Backoff.swift; sourceTree = "<group>"; };
		13CBE7B660EECC9CD4A008C9 /* WorktreeError.swift */ = {isa = PBXFileReference; lastKnownFileType = sourcecode.swift; path = WorktreeError.swift; sourceTree = "<group>"; };
		197855D26AA9AEB4088AF08C /* AppDelegate.swift */ = {isa = PBXFileReference; lastKnownFileType = sourcecode.swift; path = AppDelegate.swift; sourceTree = "<group>"; };
		254A61C8ABDED56F14FC03F8 /* Clibgit2 */ = {isa = PBXFileReference; lastKnownFileType = folder; name = Clibgit2; path = Vendor/Clibgit2; sourceTree = SOURCE_ROOT; };
		2A66185DB8D17A184A10D654 /* Migrations.swift */ = {isa = PBXFileReference; lastKnownFileType = sourcecode.swift; path = Migrations.swift; sourceTree = "<group>"; };
		364D0F8EEA347E9E53FA5531 /* BackoffRetryTests.swift */ = {isa = PBXFileReference; lastKnownFileType = sourcecode.swift; path = BackoffRetryTests.swift; sourceTree = "<group>"; };
		3F674F2D820F173F9971796D /* APIResponses.swift */ = {isa = PBXFileReference; lastKnownFileType = sourcecode.swift; path = APIResponses.swift; sourceTree = "<group>"; };
		409A26BB4B438DF0FC52D8B0 /* GitHubLiveSyncIntegrationTests.swift */ = {isa = PBXFileReference; lastKnownFileType = sourcecode.swift; path = GitHubLiveSyncIntegrationTests.swift; sourceTree = "<group>"; };
		4516AEB75C15BFDA1D7DDB62 /* Info.plist */ = {isa = PBXFileReference; lastKnownFileType = text.plist; path = Info.plist; sourceTree = "<group>"; };
		4BD191387277D1AD519F17C5 /* TaskSyncServiceTests.swift */ = {isa = PBXFileReference; lastKnownFileType = sourcecode.swift; path = TaskSyncServiceTests.swift; sourceTree = "<group>"; };
		4ECDFC95289A7B6830F8DFE3 /* HTTPClientTests.swift */ = {isa = PBXFileReference; lastKnownFileType = sourcecode.swift; path = HTTPClientTests.swift; sourceTree = "<group>"; };
		4FB935EE1FF6EE3F23F0BFA4 /* Fixtures */ = {isa = PBXFileReference; lastKnownFileType = folder; name = Fixtures; path = Tests/Unit/Fixtures; sourceTree = SOURCE_ROOT; };
		6128D22DFDA7A39957AA3C9E /* SyncScheduler.swift */ = {isa = PBXFileReference; lastKnownFileType = sourcecode.swift; path = SyncScheduler.swift; sourceTree = "<group>"; };
		680463771A1913695ADBD74D /* KeychainStore.swift */ = {isa = PBXFileReference; lastKnownFileType = sourcecode.swift; path = KeychainStore.swift; sourceTree = "<group>"; };
		68589EDD4EB0E76985003347 /* WorktreeManagerTests.swift */ = {isa = PBXFileReference; lastKnownFileType = sourcecode.swift; path = WorktreeManagerTests.swift; sourceTree = "<group>"; };
		6890109E5E3076A96D71C69F /* LoomTask.swift */ = {isa = PBXFileReference; lastKnownFileType = sourcecode.swift; path = LoomTask.swift; sourceTree = "<group>"; };
		6A13DF4D55317A689600A192 /* RESTClient.swift */ = {isa = PBXFileReference; lastKnownFileType = sourcecode.swift; path = RESTClient.swift; sourceTree = "<group>"; };
		6E6E64FD9D6B923A722BBACC /* Assets.xcassets */ = {isa = PBXFileReference; lastKnownFileType = folder.assetcatalog; path = Assets.xcassets; sourceTree = "<group>"; };
		6E9605E4EE932DDCB19AB72B /* GHCLIAuth.swift */ = {isa = PBXFileReference; lastKnownFileType = sourcecode.swift; path = GHCLIAuth.swift; sourceTree = "<group>"; };
		72D0F7C7949A5F3B33B48E7D /* Repo.swift */ = {isa = PBXFileReference; lastKnownFileType = sourcecode.swift; path = Repo.swift; sourceTree = "<group>"; };
		79553E3181CF1D76FE703B0A /* FixtureGitRepo.swift */ = {isa = PBXFileReference; lastKnownFileType = sourcecode.swift; path = FixtureGitRepo.swift; sourceTree = "<group>"; };
		7AF42D22CA2F5E4B7FB58F74 /* AppServices.swift */ = {isa = PBXFileReference; lastKnownFileType = sourcecode.swift; path = AppServices.swift; sourceTree = "<group>"; };
		84806CB003A61137C0777445 /* GraphQLClientTests.swift */ = {isa = PBXFileReference; lastKnownFileType = sourcecode.swift; path = GraphQLClientTests.swift; sourceTree = "<group>"; };
		878B0F36B6165280BC512CBD /* GitRunnerTests.swift */ = {isa = PBXFileReference; lastKnownFileType = sourcecode.swift; path = GitRunnerTests.swift; sourceTree = "<group>"; };
		879315D3D2B7186766F53DDE /* GitHubStatus.swift */ = {isa = PBXFileReference; lastKnownFileType = sourcecode.swift; path = GitHubStatus.swift; sourceTree = "<group>"; };
		87DD3CBCFF1F6ED6BD5E0DAD /* TaskAssignee.swift */ = {isa = PBXFileReference; lastKnownFileType = sourcecode.swift; path = TaskAssignee.swift; sourceTree = "<group>"; };
		8B62A3B00A8A4F40F3F2A92A /* Loom.entitlements */ = {isa = PBXFileReference; lastKnownFileType = text.plist.entitlements; path = Loom.entitlements; sourceTree = "<group>"; };
		910F7265E64BB1FF01A716DC /* HTTPClient.swift */ = {isa = PBXFileReference; lastKnownFileType = sourcecode.swift; path = HTTPClient.swift; sourceTree = "<group>"; };
		91B5DDCD59C803D57C4D6A26 /* LoomDatabase.swift */ = {isa = PBXFileReference; lastKnownFileType = sourcecode.swift; path = LoomDatabase.swift; sourceTree = "<group>"; };
		965174FB87136638BA643B4C /* LoomTests.xctest */ = {isa = PBXFileReference; explicitFileType = wrapper.cfbundle; includeInIndex = 0; path = LoomTests.xctest; sourceTree = BUILT_PRODUCTS_DIR; };
		9696FDDBD0F4E674192A87A4 /* SyncSchedulerTests.swift */ = {isa = PBXFileReference; lastKnownFileType = sourcecode.swift; path = SyncSchedulerTests.swift; sourceTree = "<group>"; };
		998F9FBC78B6E359AD707CB7 /* BranchSlugTests.swift */ = {isa = PBXFileReference; lastKnownFileType = sourcecode.swift; path = BranchSlugTests.swift; sourceTree = "<group>"; };
		99A541B9E805ED457C4A2363 /* BackoffRetry.swift */ = {isa = PBXFileReference; lastKnownFileType = sourcecode.swift; path = BackoffRetry.swift; sourceTree = "<group>"; };
		9B1D333E293A9B1CC752EA00 /* Endpoints.swift */ = {isa = PBXFileReference; lastKnownFileType = sourcecode.swift; path = Endpoints.swift; sourceTree = "<group>"; };
		9E07BDC71363619A1E5FE9D9 /* AuthService.swift */ = {isa = PBXFileReference; lastKnownFileType = sourcecode.swift; path = AuthService.swift; sourceTree = "<group>"; };
		A37491B6F40A34647CBC6AA7 /* SmokeTests.swift */ = {isa = PBXFileReference; lastKnownFileType = sourcecode.swift; path = SmokeTests.swift; sourceTree = "<group>"; };
		A9786B37C938624B51D1C5C8 /* LoomLogger.swift */ = {isa = PBXFileReference; lastKnownFileType = sourcecode.swift; path = LoomLogger.swift; sourceTree = "<group>"; };
		AA2DECD7F1ED591D1306A7FD /* MigrationsTests.swift */ = {isa = PBXFileReference; lastKnownFileType = sourcecode.swift; path = MigrationsTests.swift; sourceTree = "<group>"; };
		B0C9460A29E5F663743C9F53 /* RESTClientTests.swift */ = {isa = PBXFileReference; lastKnownFileType = sourcecode.swift; path = RESTClientTests.swift; sourceTree = "<group>"; };
		B3EC834760179BCF3D26E812 /* .gitkeep */ = {isa = PBXFileReference; path = .gitkeep; sourceTree = "<group>"; };
		B517E6E2DF8C49D037D18E77 /* LoomApp.swift */ = {isa = PBXFileReference; lastKnownFileType = sourcecode.swift; path = LoomApp.swift; sourceTree = "<group>"; };
		B67392FF13BE6CBE8F0F4F6D /* SettingsStoreTests.swift */ = {isa = PBXFileReference; lastKnownFileType = sourcecode.swift; path = SettingsStoreTests.swift; sourceTree = "<group>"; };
		BBDCC7E2C0056A34781ECCB3 /* GitRunner.swift */ = {isa = PBXFileReference; lastKnownFileType = sourcecode.swift; path = GitRunner.swift; sourceTree = "<group>"; };
		BF8FF2D0E98D9BDC31F1F946 /* ETagStore.swift */ = {isa = PBXFileReference; lastKnownFileType = sourcecode.swift; path = ETagStore.swift; sourceTree = "<group>"; };
		C08FFC0A9D825AA8D145CEE1 /* GHCLIAuthTests.swift */ = {isa = PBXFileReference; lastKnownFileType = sourcecode.swift; path = GHCLIAuthTests.swift; sourceTree = "<group>"; };
		C7156A915B0B1A14BCFFB897 /* Setting.swift */ = {isa = PBXFileReference; lastKnownFileType = sourcecode.swift; path = Setting.swift; sourceTree = "<group>"; };
		CFB0FB42BDCFD78AC68A01BF /* Loom.app */ = {isa = PBXFileReference; explicitFileType = wrapper.application; includeInIndex = 0; path = Loom.app; sourceTree = BUILT_PRODUCTS_DIR; };
		D1D816452DC6DF06C51D6A7E /* TaskSyncService.swift */ = {isa = PBXFileReference; lastKnownFileType = sourcecode.swift; path = TaskSyncService.swift; sourceTree = "<group>"; };
		D355679242F0256CEFCEC699 /* SettingsStore.swift */ = {isa = PBXFileReference; lastKnownFileType = sourcecode.swift; path = SettingsStore.swift; sourceTree = "<group>"; };
		DA866E83ACA13FF4C4B67A76 /* WorktreeInfo.swift */ = {isa = PBXFileReference; lastKnownFileType = sourcecode.swift; path = WorktreeInfo.swift; sourceTree = "<group>"; };
		DD1A652303E2BC6EB80B64FA /* DependencySmokeImports.swift */ = {isa = PBXFileReference; lastKnownFileType = sourcecode.swift; path = DependencySmokeImports.swift; sourceTree = "<group>"; };
		E19BF1D79E0DBAA564B3A039 /* ETagStoreTests.swift */ = {isa = PBXFileReference; lastKnownFileType = sourcecode.swift; path = ETagStoreTests.swift; sourceTree = "<group>"; };
		E7EAA88AE870E9108768F29E /* WorktreeManager.swift */ = {isa = PBXFileReference; lastKnownFileType = sourcecode.swift; path = WorktreeManager.swift; sourceTree = "<group>"; };
		F2CBAFC5EF92D128135D3F05 /* BackoffTests.swift */ = {isa = PBXFileReference; lastKnownFileType = sourcecode.swift; path = BackoffTests.swift; sourceTree = "<group>"; };
		F6C32969291BABB883AE4FCB /* AuthServiceTests.swift */ = {isa = PBXFileReference; lastKnownFileType = sourcecode.swift; path = AuthServiceTests.swift; sourceTree = "<group>"; };
		FA798D587199F39EA6CD559F /* BranchSlug.swift */ = {isa = PBXFileReference; lastKnownFileType = sourcecode.swift; path = BranchSlug.swift; sourceTree = "<group>"; };
		FD637F24CBF0FE3793017936 /* DebugMenu.swift */ = {isa = PBXFileReference; lastKnownFileType = sourcecode.swift; path = DebugMenu.swift; sourceTree = "<group>"; };
		FD7BC2543AD208BD2CF22525 /* GitHubError.swift */ = {isa = PBXFileReference; lastKnownFileType = sourcecode.swift; path = GitHubError.swift; sourceTree = "<group>"; };
		FD919DBB349F5EE2742FD85B /* GraphQLClient.swift */ = {isa = PBXFileReference; lastKnownFileType = sourcecode.swift; path = GraphQLClient.swift; sourceTree = "<group>"; };
/* End PBXFileReference section */

/* Begin PBXFrameworksBuildPhase section */
		AFD89F6CCAADCCDB40EC765D /* Frameworks */ = {
			isa = PBXFrameworksBuildPhase;
			buildActionMask = 2147483647;
			files = (
				03F5AA3F44277B035954E3FD /* SwiftTerm in Frameworks */,
				5C000C0DACB750E7BBA689E8 /* GRDB in Frameworks */,
				3AC6F503620BD36D144D8D6D /* Clibgit2 in Frameworks */,
				907E23454D4E7051C9DB5690 /* KeychainAccess in Frameworks */,
			);
			runOnlyForDeploymentPostprocessing = 0;
		};
/* End PBXFrameworksBuildPhase section */

/* Begin PBXGroup section */
		1B2B68E2C82064F34C4B784C /* Packages */ = {
			isa = PBXGroup;
			children = (
				254A61C8ABDED56F14FC03F8 /* Clibgit2 */,
			);
			name = Packages;
			sourceTree = "<group>";
		};
		23A91B0CAB9949BB591651BF /* Models */ = {
			isa = PBXGroup;
			children = (
				879315D3D2B7186766F53DDE /* GitHubStatus.swift */,
				6890109E5E3076A96D71C69F /* LoomTask.swift */,
				72D0F7C7949A5F3B33B48E7D /* Repo.swift */,
				C7156A915B0B1A14BCFFB897 /* Setting.swift */,
				87DD3CBCFF1F6ED6BD5E0DAD /* TaskAssignee.swift */,
			);
			path = Models;
			sourceTree = "<group>";
		};
		4697725CBDC423321AAB05A9 /* Auth */ = {
			isa = PBXGroup;
			children = (
				9E07BDC71363619A1E5FE9D9 /* AuthService.swift */,
				6E9605E4EE932DDCB19AB72B /* GHCLIAuth.swift */,
				680463771A1913695ADBD74D /* KeychainStore.swift */,
				0FCC4E437B6AAD7E2289DD09 /* Subprocess.swift */,
			);
			path = Auth;
			sourceTree = "<group>";
		};
		470F2EB0FD8845D63AB6C326 /* Git */ = {
			isa = PBXGroup;
			children = (
				FA798D587199F39EA6CD559F /* BranchSlug.swift */,
				BBDCC7E2C0056A34781ECCB3 /* GitRunner.swift */,
				13CBE7B660EECC9CD4A008C9 /* WorktreeError.swift */,
				DA866E83ACA13FF4C4B67A76 /* WorktreeInfo.swift */,
				E7EAA88AE870E9108768F29E /* WorktreeManager.swift */,
			);
			path = Git;
			sourceTree = "<group>";
		};
		61D49C2C4445C42D683B4426 /* Storage */ = {
			isa = PBXGroup;
			children = (
				AA2DECD7F1ED591D1306A7FD /* MigrationsTests.swift */,
				B67392FF13BE6CBE8F0F4F6D /* SettingsStoreTests.swift */,
			);
			path = Storage;
			sourceTree = "<group>";
		};
		649BA61BCA1660CF6404DDBF /* Integration */ = {
			isa = PBXGroup;
			children = (
				B3EC834760179BCF3D26E812 /* .gitkeep */,
				409A26BB4B438DF0FC52D8B0 /* GitHubLiveSyncIntegrationTests.swift */,
			);
			path = Integration;
			sourceTree = "<group>";
		};
		69B84D8F725CE2D2ABA907A2 /* Git */ = {
			isa = PBXGroup;
			children = (
				998F9FBC78B6E359AD707CB7 /* BranchSlugTests.swift */,
				79553E3181CF1D76FE703B0A /* FixtureGitRepo.swift */,
				878B0F36B6165280BC512CBD /* GitRunnerTests.swift */,
				68589EDD4EB0E76985003347 /* WorktreeManagerTests.swift */,
			);
			path = Git;
			sourceTree = "<group>";
		};
		7DB77F3F0EAF6FB952D6813D /* Unit */ = {
			isa = PBXGroup;
			children = (
				4FB935EE1FF6EE3F23F0BFA4 /* Fixtures */,
				A37491B6F40A34647CBC6AA7 /* SmokeTests.swift */,
				E898A993FB6FA2DAE6EAD6E1 /* Auth */,
				69B84D8F725CE2D2ABA907A2 /* Git */,
				B4540640295DBD7961A6C60A /* GitHub */,
				61D49C2C4445C42D683B4426 /* Storage */,
			);
			path = Unit;
			sourceTree = "<group>";
		};
		8291E7F0B1817C3ED0900D51 /* Storage */ = {
			isa = PBXGroup;
			children = (
				91B5DDCD59C803D57C4D6A26 /* LoomDatabase.swift */,
				2A66185DB8D17A184A10D654 /* Migrations.swift */,
				D355679242F0256CEFCEC699 /* SettingsStore.swift */,
			);
			path = Storage;
			sourceTree = "<group>";
		};
		84692645A80D363438439F47 /* Features */ = {
			isa = PBXGroup;
			children = (
			);
			path = Features;
			sourceTree = "<group>";
		};
		97701232024A9C8C77CB30B6 /* Resources */ = {
			isa = PBXGroup;
			children = (
				6E6E64FD9D6B923A722BBACC /* Assets.xcassets */,
			);
			path = Resources;
			sourceTree = "<group>";
		};
		A52224A9FC6F7536E632EBF5 /* Logging */ = {
			isa = PBXGroup;
			children = (
				A9786B37C938624B51D1C5C8 /* LoomLogger.swift */,
			);
			path = Logging;
			sourceTree = "<group>";
		};
		AE2495C2DD7C4012BED6E594 /* Products */ = {
			isa = PBXGroup;
			children = (
				CFB0FB42BDCFD78AC68A01BF /* Loom.app */,
				965174FB87136638BA643B4C /* LoomTests.xctest */,
			);
			name = Products;
			sourceTree = "<group>";
		};
		B26A0C946EEFF07D37219B6A /* App */ = {
			isa = PBXGroup;
			children = (
				197855D26AA9AEB4088AF08C /* AppDelegate.swift */,
				7AF42D22CA2F5E4B7FB58F74 /* AppServices.swift */,
				FD637F24CBF0FE3793017936 /* DebugMenu.swift */,
				B517E6E2DF8C49D037D18E77 /* LoomApp.swift */,
			);
			path = App;
			sourceTree = "<group>";
		};
		B380268C9C7FBB9A4D2886D6 = {
			isa = PBXGroup;
			children = (
				B6CBFC678F4F052F89B3CA66 /* Loom */,
				1B2B68E2C82064F34C4B784C /* Packages */,
				BEEE710EB30DC84354D7E0F0 /* Tests */,
				AE2495C2DD7C4012BED6E594 /* Products */,
			);
			sourceTree = "<group>";
		};
		B4540640295DBD7961A6C60A /* GitHub */ = {
			isa = PBXGroup;
			children = (
				364D0F8EEA347E9E53FA5531 /* BackoffRetryTests.swift */,
				F2CBAFC5EF92D128135D3F05 /* BackoffTests.swift */,
				E19BF1D79E0DBAA564B3A039 /* ETagStoreTests.swift */,
				84806CB003A61137C0777445 /* GraphQLClientTests.swift */,
				4ECDFC95289A7B6830F8DFE3 /* HTTPClientTests.swift */,
				B0C9460A29E5F663743C9F53 /* RESTClientTests.swift */,
				9696FDDBD0F4E674192A87A4 /* SyncSchedulerTests.swift */,
				4BD191387277D1AD519F17C5 /* TaskSyncServiceTests.swift */,
			);
			path = GitHub;
			sourceTree = "<group>";
		};
		B6A792C362E4C15472843AD1 /* Core */ = {
			isa = PBXGroup;
			children = (
				DD1A652303E2BC6EB80B64FA /* DependencySmokeImports.swift */,
				4697725CBDC423321AAB05A9 /* Auth */,
				470F2EB0FD8845D63AB6C326 /* Git */,
				E84B854817120818D2DDB118 /* GitHub */,
				A52224A9FC6F7536E632EBF5 /* Logging */,
				23A91B0CAB9949BB591651BF /* Models */,
				8291E7F0B1817C3ED0900D51 /* Storage */,
			);
			path = Core;
			sourceTree = "<group>";
		};
		B6CBFC678F4F052F89B3CA66 /* Loom */ = {
			isa = PBXGroup;
			children = (
				4516AEB75C15BFDA1D7DDB62 /* Info.plist */,
				8B62A3B00A8A4F40F3F2A92A /* Loom.entitlements */,
				B26A0C946EEFF07D37219B6A /* App */,
				B6A792C362E4C15472843AD1 /* Core */,
				84692645A80D363438439F47 /* Features */,
				97701232024A9C8C77CB30B6 /* Resources */,
			);
			path = Loom;
			sourceTree = "<group>";
		};
		BEEE710EB30DC84354D7E0F0 /* Tests */ = {
			isa = PBXGroup;
			children = (
				649BA61BCA1660CF6404DDBF /* Integration */,
				7DB77F3F0EAF6FB952D6813D /* Unit */,
			);
			path = Tests;
			sourceTree = "<group>";
		};
		E84B854817120818D2DDB118 /* GitHub */ = {
			isa = PBXGroup;
			children = (
				3F674F2D820F173F9971796D /* APIResponses.swift */,
				10A41270D5FD2913859F5156 /* Backoff.swift */,
				99A541B9E805ED457C4A2363 /* BackoffRetry.swift */,
				9B1D333E293A9B1CC752EA00 /* Endpoints.swift */,
				BF8FF2D0E98D9BDC31F1F946 /* ETagStore.swift */,
				FD7BC2543AD208BD2CF22525 /* GitHubError.swift */,
				FD919DBB349F5EE2742FD85B /* GraphQLClient.swift */,
				910F7265E64BB1FF01A716DC /* HTTPClient.swift */,
				6A13DF4D55317A689600A192 /* RESTClient.swift */,
				6128D22DFDA7A39957AA3C9E /* SyncScheduler.swift */,
				D1D816452DC6DF06C51D6A7E /* TaskSyncService.swift */,
			);
			path = GitHub;
			sourceTree = "<group>";
		};
		E898A993FB6FA2DAE6EAD6E1 /* Auth */ = {
			isa = PBXGroup;
			children = (
				F6C32969291BABB883AE4FCB /* AuthServiceTests.swift */,
				C08FFC0A9D825AA8D145CEE1 /* GHCLIAuthTests.swift */,
			);
			path = Auth;
			sourceTree = "<group>";
		};
/* End PBXGroup section */

/* Begin PBXNativeTarget section */
		92B1BC83B42A8E6DA14FE2C3 /* Loom */ = {
			isa = PBXNativeTarget;
			buildConfigurationList = A89C1ED79CFFB2D69BAF407A /* Build configuration list for PBXNativeTarget "Loom" */;
			buildPhases = (
				11E15E109E1D18FEFC194441 /* Sources */,
				8BB123B3A0B5C3FB4CF01850 /* Resources */,
				AFD89F6CCAADCCDB40EC765D /* Frameworks */,
			);
			buildRules = (
			);
			dependencies = (
			);
			name = Loom;
			packageProductDependencies = (
				72948A8C9B18C19E1D4C35D1 /* SwiftTerm */,
				264C92E52C19CDF6B845790C /* GRDB */,
				5EF5D474713DE008E0402BEF /* Clibgit2 */,
				8FC486CC428D00943AD1887E /* KeychainAccess */,
			);
			productName = Loom;
			productReference = CFB0FB42BDCFD78AC68A01BF /* Loom.app */;
			productType = "com.apple.product-type.application";
		};
		ED826D576EF84C5DCAA12309 /* LoomTests */ = {
			isa = PBXNativeTarget;
			buildConfigurationList = CC7C822050D13A1780EA0563 /* Build configuration list for PBXNativeTarget "LoomTests" */;
			buildPhases = (
				5DF0A9639115211713D1BD94 /* Sources */,
				993BAA104F72E2CA19A1DFEC /* Resources */,
			);
			buildRules = (
			);
			dependencies = (
				A3CD4F83D239141298BB1268 /* PBXTargetDependency */,
			);
			name = LoomTests;
			packageProductDependencies = (
			);
			productName = LoomTests;
			productReference = 965174FB87136638BA643B4C /* LoomTests.xctest */;
			productType = "com.apple.product-type.bundle.unit-test";
		};
/* End PBXNativeTarget section */

/* Begin PBXProject section */
		32B58EFB3FEA3E3E81D94DBD /* Project object */ = {
			isa = PBXProject;
			attributes = {
				BuildIndependentTargetsInParallel = YES;
				LastUpgradeCheck = 1430;
				TargetAttributes = {
					92B1BC83B42A8E6DA14FE2C3 = {
						DevelopmentTeam = "";
						ProvisioningStyle = Automatic;
					};
				};
			};
			buildConfigurationList = 8469BC710BBCEBFD6D40602E /* Build configuration list for PBXProject "Loom" */;
			developmentRegion = en;
			hasScannedForEncodings = 0;
			knownRegions = (
				Base,
				en,
			);
			mainGroup = B380268C9C7FBB9A4D2886D6;
			minimizedProjectReferenceProxies = 1;
			packageReferences = (
				A28BAA134756DE1DC3C4FF61 /* XCRemoteSwiftPackageReference "GRDB.swift" */,
				CE9D0F865F8BC1197E6EE327 /* XCRemoteSwiftPackageReference "KeychainAccess" */,
				3E9D5B9CBDE80FCA466A0876 /* XCRemoteSwiftPackageReference "SwiftTerm" */,
				6AF94B48A6DFE26FE1C87D9E /* XCLocalSwiftPackageReference "Vendor/Clibgit2" */,
			);
			preferredProjectObjectVersion = 77;
			productRefGroup = AE2495C2DD7C4012BED6E594 /* Products */;
			projectDirPath = "";
			projectRoot = "";
			targets = (
				92B1BC83B42A8E6DA14FE2C3 /* Loom */,
				ED826D576EF84C5DCAA12309 /* LoomTests */,
			);
		};
/* End PBXProject section */

/* Begin PBXResourcesBuildPhase section */
		8BB123B3A0B5C3FB4CF01850 /* Resources */ = {
			isa = PBXResourcesBuildPhase;
			buildActionMask = 2147483647;
			files = (
				516C5055D1918BBA58610A73 /* Assets.xcassets in Resources */,
			);
			runOnlyForDeploymentPostprocessing = 0;
		};
		993BAA104F72E2CA19A1DFEC /* Resources */ = {
			isa = PBXResourcesBuildPhase;
			buildActionMask = 2147483647;
			files = (
				FCC66C2E468F711C3C2ED032 /* Fixtures in Resources */,
			);
			runOnlyForDeploymentPostprocessing = 0;
		};
/* End PBXResourcesBuildPhase section */

/* Begin PBXSourcesBuildPhase section */
		11E15E109E1D18FEFC194441 /* Sources */ = {
			isa = PBXSourcesBuildPhase;
			buildActionMask = 2147483647;
			files = (
				A9B827F6D308FD42E6291FCE /* APIResponses.swift in Sources */,
				5532DF8F18062D66991E5AAB /* AppDelegate.swift in Sources */,
				E5ECEBB9B7ABC39712DE0B96 /* AppServices.swift in Sources */,
				A9D79C3526B59E33BCD2E012 /* AuthService.swift in Sources */,
				CE9C96D0223628E382FE9C8D /* Backoff.swift in Sources */,
				3D3298A3A4AC93471D24D673 /* BackoffRetry.swift in Sources */,
				B8B30C0BE74E09342FCB1447 /* BranchSlug.swift in Sources */,
				B045EBBFD0B90FA5E3D5B062 /* DebugMenu.swift in Sources */,
				94F93BFF9F49536A3D1F7E1F /* DependencySmokeImports.swift in Sources */,
				6533A1FFA7FFB508F399842F /* ETagStore.swift in Sources */,
				F05753ED7B789D82CCE9B5C3 /* Endpoints.swift in Sources */,
				70558F82CFF93CD3B4E8059A /* GHCLIAuth.swift in Sources */,
				5E1D6FF961164DF2EB889B18 /* GitHubError.swift in Sources */,
				FB007E0D6F7C94AA62BDA3FE /* GitHubStatus.swift in Sources */,
				6EBA267DC51AEE180EFBCBEB /* GitRunner.swift in Sources */,
				1BD055D4E0D2F2E95CA33EE3 /* GraphQLClient.swift in Sources */,
				EF67246D6169F891967950B1 /* HTTPClient.swift in Sources */,
				209A6F4AACB0F18B3A32C952 /* KeychainStore.swift in Sources */,
				B23664D17B40E8A19A8A288C /* LoomApp.swift in Sources */,
				B115BA55BF7BF53709973B8D /* LoomDatabase.swift in Sources */,
				2089433B70604764F52AB203 /* LoomLogger.swift in Sources */,
				D4EC25510D3F574AA0E54374 /* LoomTask.swift in Sources */,
				3980493894B456C98C4B922C /* Migrations.swift in Sources */,
				D26959C3FF2BB50181FD5C33 /* RESTClient.swift in Sources */,
				4ECD2C745F5DE7206449EBD8 /* Repo.swift in Sources */,
				F2F8E3D62A0EA28602FDEF41 /* Setting.swift in Sources */,
				3C200CDD21EC4D19BA68BB37 /* SettingsStore.swift in Sources */,
				BAA12A13427C955F2B0095D9 /* Subprocess.swift in Sources */,
				6A80CD79CE2203A19BEDFD58 /* SyncScheduler.swift in Sources */,
				13928AE42F895ADB3C509302 /* TaskAssignee.swift in Sources */,
				01AABF5B57F81075C7A2B083 /* TaskSyncService.swift in Sources */,
				53F92F83F0F7376730A5D339 /* WorktreeError.swift in Sources */,
				C43FF24F657911A26A11BCFE /* WorktreeInfo.swift in Sources */,
				4F5D324A69106444A56018D4 /* WorktreeManager.swift in Sources */,
			);
			runOnlyForDeploymentPostprocessing = 0;
		};
		5DF0A9639115211713D1BD94 /* Sources */ = {
			isa = PBXSourcesBuildPhase;
			buildActionMask = 2147483647;
			files = (
				A8A48D249F4257421EBFC782 /* AuthServiceTests.swift in Sources */,
				204548C8CF2106ED7BA53FD9 /* BackoffRetryTests.swift in Sources */,
				9304EFC64B979CD01B5AF8CB /* BackoffTests.swift in Sources */,
				A2ECD2D8EFA8C94DBD444C0D /* BranchSlugTests.swift in Sources */,
				DC977A348B16AF50472BE63B /* ETagStoreTests.swift in Sources */,
				3D8F2D71BB48E1C1E73D202E /* FixtureGitRepo.swift in Sources */,
				9033AED24F2992D05A26B09B /* GHCLIAuthTests.swift in Sources */,
				BC8AB244645AF73AA95DBA2E /* GitHubLiveSyncIntegrationTests.swift in Sources */,
				F214AFF555015845B7F361F8 /* GitRunnerTests.swift in Sources */,
				92B48F465A3302E8F8742C59 /* GraphQLClientTests.swift in Sources */,
				FC039C1B5C8B97C01763CFE7 /* HTTPClientTests.swift in Sources */,
				BCFD1689C0B79E45F2E13DB5 /* MigrationsTests.swift in Sources */,
				2D85955C8BF1967CC050FD03 /* RESTClientTests.swift in Sources */,
				181598A3CE05594945D7A7A3 /* SettingsStoreTests.swift in Sources */,
				2836556DFF4C07B9206E0118 /* SmokeTests.swift in Sources */,
				2738BC7003C35D380D6FAB6D /* SyncSchedulerTests.swift in Sources */,
				C4343384EB79A90D051E6591 /* TaskSyncServiceTests.swift in Sources */,
				AAC6B0964629178F586CCB8D /* WorktreeManagerTests.swift in Sources */,
			);
			runOnlyForDeploymentPostprocessing = 0;
		};
/* End PBXSourcesBuildPhase section */

/* Begin PBXTargetDependency section */
		A3CD4F83D239141298BB1268 /* PBXTargetDependency */ = {
			isa = PBXTargetDependency;
			target = 92B1BC83B42A8E6DA14FE2C3 /* Loom */;
			targetProxy = C9D08863B97F9676FE553444 /* PBXContainerItemProxy */;
		};
/* End PBXTargetDependency section */

/* Begin XCBuildConfiguration section */
		0597129A1260A66422EB504F /* Debug */ = {
			isa = XCBuildConfiguration;
			buildSettings = {
				BUNDLE_LOADER = "$(TEST_HOST)";
				COMBINE_HIDPI_IMAGES = YES;
				GENERATE_INFOPLIST_FILE = YES;
				LD_RUNPATH_SEARCH_PATHS = (
					"$(inherited)",
					"@executable_path/../Frameworks",
					"@loader_path/../Frameworks",
				);
				MACOSX_DEPLOYMENT_TARGET = 14.0;
				PRODUCT_BUNDLE_IDENTIFIER = "com.bsvassociation.loom.unit-tests";
				SDKROOT = macosx;
				TEST_HOST = "$(BUILT_PRODUCTS_DIR)/Loom.app/Contents/MacOS/Loom";
			};
			name = Debug;
		};
		126D55997EBF15956046E58F /* Release */ = {
			isa = XCBuildConfiguration;
			buildSettings = {
				ASSETCATALOG_COMPILER_APPICON_NAME = AppIcon;
				CODE_SIGN_ENTITLEMENTS = Loom/Loom.entitlements;
				CODE_SIGN_IDENTITY = "-";
				CODE_SIGN_STYLE = Automatic;
				COMBINE_HIDPI_IMAGES = YES;
				DEVELOPMENT_TEAM = "";
				ENABLE_HARDENED_RUNTIME = YES;
				INFOPLIST_FILE = Loom/Info.plist;
				INFOPLIST_KEY_NSPrincipalClass = NSApplication;
				LD_RUNPATH_SEARCH_PATHS = (
					"$(inherited)",
					"@executable_path/../Frameworks",
				);
				MACOSX_DEPLOYMENT_TARGET = 14.0;
				PRODUCT_BUNDLE_IDENTIFIER = com.bsvassociation.loom;
				SDKROOT = macosx;
			};
			name = Release;
		};
		7DDE0896E67F1B37B182DEA0 /* Debug */ = {
			isa = XCBuildConfiguration;
			buildSettings = {
				ASSETCATALOG_COMPILER_APPICON_NAME = AppIcon;
				CODE_SIGN_ENTITLEMENTS = Loom/Loom.entitlements;
				CODE_SIGN_IDENTITY = "-";
				CODE_SIGN_STYLE = Automatic;
				COMBINE_HIDPI_IMAGES = YES;
				DEVELOPMENT_TEAM = "";
				ENABLE_HARDENED_RUNTIME = YES;
				INFOPLIST_FILE = Loom/Info.plist;
				INFOPLIST_KEY_NSPrincipalClass = NSApplication;
				LD_RUNPATH_SEARCH_PATHS = (
					"$(inherited)",
					"@executable_path/../Frameworks",
				);
				MACOSX_DEPLOYMENT_TARGET = 14.0;
				PRODUCT_BUNDLE_IDENTIFIER = com.bsvassociation.loom;
				SDKROOT = macosx;
			};
			name = Debug;
		};
		9B87305D26CB722F082E1419 /* Release */ = {
			isa = XCBuildConfiguration;
			buildSettings = {
				ALWAYS_SEARCH_USER_PATHS = NO;
				CLANG_ANALYZER_NONNULL = YES;
				CLANG_ANALYZER_NUMBER_OBJECT_CONVERSION = YES_AGGRESSIVE;
				CLANG_CXX_LANGUAGE_STANDARD = "gnu++14";
				CLANG_CXX_LIBRARY = "libc++";
				CLANG_ENABLE_MODULES = YES;
				CLANG_ENABLE_OBJC_ARC = YES;
				CLANG_ENABLE_OBJC_WEAK = YES;
				CLANG_WARN_BLOCK_CAPTURE_AUTORELEASING = YES;
				CLANG_WARN_BOOL_CONVERSION = YES;
				CLANG_WARN_COMMA = YES;
				CLANG_WARN_CONSTANT_CONVERSION = YES;
				CLANG_WARN_DEPRECATED_OBJC_IMPLEMENTATIONS = YES;
				CLANG_WARN_DIRECT_OBJC_ISA_USAGE = YES_ERROR;
				CLANG_WARN_DOCUMENTATION_COMMENTS = YES;
				CLANG_WARN_EMPTY_BODY = YES;
				CLANG_WARN_ENUM_CONVERSION = YES;
				CLANG_WARN_INFINITE_RECURSION = YES;
				CLANG_WARN_INT_CONVERSION = YES;
				CLANG_WARN_NON_LITERAL_NULL_CONVERSION = YES;
				CLANG_WARN_OBJC_IMPLICIT_RETAIN_SELF = YES;
				CLANG_WARN_OBJC_LITERAL_CONVERSION = YES;
				CLANG_WARN_OBJC_ROOT_CLASS = YES_ERROR;
				CLANG_WARN_QUOTED_INCLUDE_IN_FRAMEWORK_HEADER = YES;
				CLANG_WARN_RANGE_LOOP_ANALYSIS = YES;
				CLANG_WARN_STRICT_PROTOTYPES = YES;
				CLANG_WARN_SUSPICIOUS_MOVE = YES;
				CLANG_WARN_UNGUARDED_AVAILABILITY = YES_AGGRESSIVE;
				CLANG_WARN_UNREACHABLE_CODE = YES;
				CLANG_WARN__DUPLICATE_METHOD_MATCH = YES;
				COPY_PHASE_STRIP = NO;
				DEBUG_INFORMATION_FORMAT = "dwarf-with-dsym";
				ENABLE_NS_ASSERTIONS = NO;
				ENABLE_STRICT_OBJC_MSGSEND = YES;
				ENABLE_USER_SCRIPT_SANDBOXING = NO;
				GCC_C_LANGUAGE_STANDARD = gnu11;
				GCC_NO_COMMON_BLOCKS = YES;
				GCC_TREAT_WARNINGS_AS_ERRORS = NO;
				GCC_WARN_64_TO_32_BIT_CONVERSION = YES;
				GCC_WARN_ABOUT_RETURN_TYPE = YES_ERROR;
				GCC_WARN_UNDECLARED_SELECTOR = YES;
				GCC_WARN_UNINITIALIZED_AUTOS = YES_AGGRESSIVE;
				GCC_WARN_UNUSED_FUNCTION = YES;
				GCC_WARN_UNUSED_VARIABLE = YES;
				MACOSX_DEPLOYMENT_TARGET = 14.0;
				MTL_ENABLE_DEBUG_INFO = NO;
				MTL_FAST_MATH = YES;
				PRODUCT_NAME = "$(TARGET_NAME)";
				SDKROOT = macosx;
				SWIFT_COMPILATION_MODE = wholemodule;
				SWIFT_OPTIMIZATION_LEVEL = "-O";
				SWIFT_TREAT_WARNINGS_AS_ERRORS = NO;
				SWIFT_VERSION = 5.10;
			};
			name = Release;
		};
		E1809DB765500FBFE9669DE4 /* Debug */ = {
			isa = XCBuildConfiguration;
			buildSettings = {
				ALWAYS_SEARCH_USER_PATHS = NO;
				CLANG_ANALYZER_NONNULL = YES;
				CLANG_ANALYZER_NUMBER_OBJECT_CONVERSION = YES_AGGRESSIVE;
				CLANG_CXX_LANGUAGE_STANDARD = "gnu++14";
				CLANG_CXX_LIBRARY = "libc++";
				CLANG_ENABLE_MODULES = YES;
				CLANG_ENABLE_OBJC_ARC = YES;
				CLANG_ENABLE_OBJC_WEAK = YES;
				CLANG_WARN_BLOCK_CAPTURE_AUTORELEASING = YES;
				CLANG_WARN_BOOL_CONVERSION = YES;
				CLANG_WARN_COMMA = YES;
				CLANG_WARN_CONSTANT_CONVERSION = YES;
				CLANG_WARN_DEPRECATED_OBJC_IMPLEMENTATIONS = YES;
				CLANG_WARN_DIRECT_OBJC_ISA_USAGE = YES_ERROR;
				CLANG_WARN_DOCUMENTATION_COMMENTS = YES;
				CLANG_WARN_EMPTY_BODY = YES;
				CLANG_WARN_ENUM_CONVERSION = YES;
				CLANG_WARN_INFINITE_RECURSION = YES;
				CLANG_WARN_INT_CONVERSION = YES;
				CLANG_WARN_NON_LITERAL_NULL_CONVERSION = YES;
				CLANG_WARN_OBJC_IMPLICIT_RETAIN_SELF = YES;
				CLANG_WARN_OBJC_LITERAL_CONVERSION = YES;
				CLANG_WARN_OBJC_ROOT_CLASS = YES_ERROR;
				CLANG_WARN_QUOTED_INCLUDE_IN_FRAMEWORK_HEADER = YES;
				CLANG_WARN_RANGE_LOOP_ANALYSIS = YES;
				CLANG_WARN_STRICT_PROTOTYPES = YES;
				CLANG_WARN_SUSPICIOUS_MOVE = YES;
				CLANG_WARN_UNGUARDED_AVAILABILITY = YES_AGGRESSIVE;
				CLANG_WARN_UNREACHABLE_CODE = YES;
				CLANG_WARN__DUPLICATE_METHOD_MATCH = YES;
				COPY_PHASE_STRIP = NO;
				DEBUG_INFORMATION_FORMAT = dwarf;
				ENABLE_STRICT_OBJC_MSGSEND = YES;
				ENABLE_TESTABILITY = YES;
				ENABLE_USER_SCRIPT_SANDBOXING = NO;
				GCC_C_LANGUAGE_STANDARD = gnu11;
				GCC_DYNAMIC_NO_PIC = NO;
				GCC_NO_COMMON_BLOCKS = YES;
				GCC_OPTIMIZATION_LEVEL = 0;
				GCC_PREPROCESSOR_DEFINITIONS = (
					"$(inherited)",
					"DEBUG=1",
				);
				GCC_TREAT_WARNINGS_AS_ERRORS = NO;
				GCC_WARN_64_TO_32_BIT_CONVERSION = YES;
				GCC_WARN_ABOUT_RETURN_TYPE = YES_ERROR;
				GCC_WARN_UNDECLARED_SELECTOR = YES;
				GCC_WARN_UNINITIALIZED_AUTOS = YES_AGGRESSIVE;
				GCC_WARN_UNUSED_FUNCTION = YES;
				GCC_WARN_UNUSED_VARIABLE = YES;
				MACOSX_DEPLOYMENT_TARGET = 14.0;
				MTL_ENABLE_DEBUG_INFO = INCLUDE_SOURCE;
				MTL_FAST_MATH = YES;
				ONLY_ACTIVE_ARCH = YES;
				PRODUCT_NAME = "$(TARGET_NAME)";
				SDKROOT = macosx;
				SWIFT_ACTIVE_COMPILATION_CONDITIONS = DEBUG;
				SWIFT_OPTIMIZATION_LEVEL = "-Onone";
				SWIFT_TREAT_WARNINGS_AS_ERRORS = NO;
				SWIFT_VERSION = 5.10;
			};
			name = Debug;
		};
		F0D3E0EDEB02B1F76B3E4C03 /* Release */ = {
			isa = XCBuildConfiguration;
			buildSettings = {
				BUNDLE_LOADER = "$(TEST_HOST)";
				COMBINE_HIDPI_IMAGES = YES;
				GENERATE_INFOPLIST_FILE = YES;
				LD_RUNPATH_SEARCH_PATHS = (
					"$(inherited)",
					"@executable_path/../Frameworks",
					"@loader_path/../Frameworks",
				);
				MACOSX_DEPLOYMENT_TARGET = 14.0;
				PRODUCT_BUNDLE_IDENTIFIER = "com.bsvassociation.loom.unit-tests";
				SDKROOT = macosx;
				TEST_HOST = "$(BUILT_PRODUCTS_DIR)/Loom.app/Contents/MacOS/Loom";
			};
			name = Release;
		};
/* End XCBuildConfiguration section */

/* Begin XCConfigurationList section */
		8469BC710BBCEBFD6D40602E /* Build configuration list for PBXProject "Loom" */ = {
			isa = XCConfigurationList;
			buildConfigurations = (
				E1809DB765500FBFE9669DE4 /* Debug */,
				9B87305D26CB722F082E1419 /* Release */,
			);
			defaultConfigurationIsVisible = 0;
			defaultConfigurationName = Debug;
		};
		A89C1ED79CFFB2D69BAF407A /* Build configuration list for PBXNativeTarget "Loom" */ = {
			isa = XCConfigurationList;
			buildConfigurations = (
				7DDE0896E67F1B37B182DEA0 /* Debug */,
				126D55997EBF15956046E58F /* Release */,
			);
			defaultConfigurationIsVisible = 0;
			defaultConfigurationName = Debug;
		};
		CC7C822050D13A1780EA0563 /* Build configuration list for PBXNativeTarget "LoomTests" */ = {
			isa = XCConfigurationList;
			buildConfigurations = (
				0597129A1260A66422EB504F /* Debug */,
				F0D3E0EDEB02B1F76B3E4C03 /* Release */,
			);
			defaultConfigurationIsVisible = 0;
			defaultConfigurationName = Debug;
		};
/* End XCConfigurationList section */

/* Begin XCLocalSwiftPackageReference section */
		6AF94B48A6DFE26FE1C87D9E /* XCLocalSwiftPackageReference "Vendor/Clibgit2" */ = {
			isa = XCLocalSwiftPackageReference;
			relativePath = Vendor/Clibgit2;
		};
/* End XCLocalSwiftPackageReference section */

/* Begin XCRemoteSwiftPackageReference section */
		3E9D5B9CBDE80FCA466A0876 /* XCRemoteSwiftPackageReference "SwiftTerm" */ = {
			isa = XCRemoteSwiftPackageReference;
			repositoryURL = "https://github.com/migueldeicaza/SwiftTerm";
			requirement = {
				kind = upToNextMajorVersion;
				minimumVersion = 1.2.0;
			};
		};
		A28BAA134756DE1DC3C4FF61 /* XCRemoteSwiftPackageReference "GRDB.swift" */ = {
			isa = XCRemoteSwiftPackageReference;
			repositoryURL = "https://github.com/groue/GRDB.swift";
			requirement = {
				kind = upToNextMajorVersion;
				minimumVersion = 6.29.0;
			};
		};
		CE9D0F865F8BC1197E6EE327 /* XCRemoteSwiftPackageReference "KeychainAccess" */ = {
			isa = XCRemoteSwiftPackageReference;
			repositoryURL = "https://github.com/kishikawakatsumi/KeychainAccess";
			requirement = {
				kind = upToNextMajorVersion;
				minimumVersion = 4.2.2;
			};
		};
/* End XCRemoteSwiftPackageReference section */

/* Begin XCSwiftPackageProductDependency section */
		264C92E52C19CDF6B845790C /* GRDB */ = {
			isa = XCSwiftPackageProductDependency;
			package = A28BAA134756DE1DC3C4FF61 /* XCRemoteSwiftPackageReference "GRDB.swift" */;
			productName = GRDB;
		};
		5EF5D474713DE008E0402BEF /* Clibgit2 */ = {
			isa = XCSwiftPackageProductDependency;
			productName = Clibgit2;
		};
		72948A8C9B18C19E1D4C35D1 /* SwiftTerm */ = {
			isa = XCSwiftPackageProductDependency;
			package = 3E9D5B9CBDE80FCA466A0876 /* XCRemoteSwiftPackageReference "SwiftTerm" */;
			productName = SwiftTerm;
		};
		8FC486CC428D00943AD1887E /* KeychainAccess */ = {
			isa = XCSwiftPackageProductDependency;
			package = CE9D0F865F8BC1197E6EE327 /* XCRemoteSwiftPackageReference "KeychainAccess" */;
			productName = KeychainAccess;
		};
/* End XCSwiftPackageProductDependency section */
	};
	rootObject = 32B58EFB3FEA3E3E81D94DBD /* Project object */;
}
